
Microsoft Visual Studio Solution File, Format Version 12.00
# Visual Studio 15
VisualStudioVersion = 15.0.27130.0
MinimumVisualStudioVersion = 10.0.40219.1
Project("{FAE04EC0-301F-11D3-BF4B-00C04F79EFBC}") = "IVPApi", "IVPApi\IVPApi.csproj", "{1B6F7D64-9865-475F-9641-0E2F77DFAE5D}"
EndProject
Global
	GlobalSection(SolutionConfigurationPlatforms) = preSolution
		Debug|Any CPU = Debug|Any CPU
		Release|Any CPU = Release|Any CPU
	EndGlobalSection
	GlobalSection(ProjectConfigurationPlatforms) = postSolution
		{1B6F7D64-9865-475F-9641-0E2F77DFAE5D}.Debug|Any CPU.ActiveCfg = Debug|Any CPU
		{1B6F7D64-9865-475F-9641-0E2F77DFAE5D}.Debug|Any CPU.Build.0 = Debug|Any CPU
		{1B6F7D64-9865-475F-9641-0E2F77DFAE5D}.Release|Any CPU.ActiveCfg = Release|Any CPU
		{1B6F7D64-9865-475F-9641-0E2F77DFAE5D}.Release|Any CPU.Build.0 = Release|Any CPU
	EndGlobalSection
	GlobalSection(SolutionProperties) = preSolution
		HideSolutionNode = FALSE
	EndGlobalSection
	GlobalSection(ExtensibilityGlobals) = postSolution
		SolutionGuid = {0096A24B-230E-4001-92C5-8BDC06448F14}
	EndGlobalSection
EndGlobal
